
Microsoft Visual Studio Solution File, Format Version 12.00
Project("{FAE04EC0-301F-11D3-BF4B-00C04F79EFBC}") = "CS_TT_Examples", "CS_TT_Examples\CS_TT_Examples.csproj", "{AD979553-CE7D-450D-9FC7-9B59F8C50A1E}"
EndProject
Project("{FAE04EC0-301F-11D3-BF4B-00C04F79EFBC}") = "CS_TT_Extensions", "CS_TT_Extensions\CS_TT_Extensions.csproj", "{DD72CCA9-9411-42FA-8B22-B1C986E15860}"
EndProject
Global
	GlobalSection(SolutionConfigurationPlatforms) = preSolution
		Debug|Any CPU = Debug|Any CPU
		Release|Any CPU = Release|Any CPU
	EndGlobalSection
	GlobalSection(ProjectConfigurationPlatforms) = postSolution
		{AD979553-CE7D-450D-9FC7-9B59F8C50A1E}.Debug|Any CPU.ActiveCfg = Debug|Any CPU
		{AD979553-CE7D-450D-9FC7-9B59F8C50A1E}.Debug|Any CPU.Build.0 = Debug|Any CPU
		{AD979553-CE7D-450D-9FC7-9B59F8C50A1E}.Release|Any CPU.ActiveCfg = Release|Any CPU
		{AD979553-CE7D-450D-9FC7-9B59F8C50A1E}.Release|Any CPU.Build.0 = Release|Any CPU
		{DD72CCA9-9411-42FA-8B22-B1C986E15860}.Debug|Any CPU.ActiveCfg = Debug|Any CPU
		{DD72CCA9-9411-42FA-8B22-B1C986E15860}.Debug|Any CPU.Build.0 = Debug|Any CPU
		{DD72CCA9-9411-42FA-8B22-B1C986E15860}.Release|Any CPU.ActiveCfg = Release|Any CPU
		{DD72CCA9-9411-42FA-8B22-B1C986E15860}.Release|Any CPU.Build.0 = Release|Any CPU
	EndGlobalSection
EndGlobal
